
Microsoft Visual Studio Solution File, Format Version 12.00
# Visual Studio Version 17
VisualStudioVersion = 17.13.36105.23 d17.13
MinimumVisualStudioVersion = 10.0.40219.1
Project("{8BC9CEB8-8B4A-11D0-8D11-00A0C91BC942}") = "distance_measurement_cpp", "distance_measurement_cpp\distance_measurement_cpp.vcxproj", "{0A907932-7307-4C43-B5E4-C6F523CEF023}"
EndProject
Global
	GlobalSection(SolutionConfigurationPlatforms) = preSolution
		Debug|x64 = Debug|x64
		Debug|x86 = Debug|x86
		Release|x64 = Release|x64
		Release|x86 = Release|x86
	EndGlobalSection
	GlobalSection(ProjectConfigurationPlatforms) = postSolution
		{0A907932-7307-4C43-B5E4-C6F523CEF023}.Debug|x64.ActiveCfg = Debug|x64
		{0A907932-7307-4C43-B5E4-C6F523CEF023}.Debug|x64.Build.0 = Debug|x64
		{0A907932-7307-4C43-B5E4-C6F523CEF023}.Debug|x86.ActiveCfg = Debug|Win32
		{0A907932-7307-4C43-B5E4-C6F523CEF023}.Debug|x86.Build.0 = Debug|Win32
		{0A907932-7307-4C43-B5E4-C6F523CEF023}.Release|x64.ActiveCfg = Release|x64
		{0A907932-7307-4C43-B5E4-C6F523CEF023}.Release|x64.Build.0 = Release|x64
		{0A907932-7307-4C43-B5E4-C6F523CEF023}.Release|x86.ActiveCfg = Release|Win32
		{0A907932-7307-4C43-B5E4-C6F523CEF023}.Release|x86.Build.0 = Release|Win32
	EndGlobalSection
	GlobalSection(SolutionProperties) = preSolution
		HideSolutionNode = FALSE
	EndGlobalSection
	GlobalSection(ExtensibilityGlobals) = postSolution
		SolutionGuid = {96E6860D-D1FD-4A9E-BC39-12F0617C264D}
	EndGlobalSection
EndGlobal
